
Microsoft Visual Studio Solution File, Format Version 12.00
# Visual Studio Version 16
VisualStudioVersion = 16.0.30717.126
MinimumVisualStudioVersion = 10.0.40219.1
Project("{FAE04EC0-301F-11D3-BF4B-00C04F79EFBC}") = "Bid-A-Car-Prject", "Bid-A-Car-Prject\Bid-A-Car-Prject.csproj", "{A81FDCB4-463E-490F-A743-C2CF9C005948}"
EndProject
Global
	GlobalSection(SolutionConfigurationPlatforms) = preSolution
		Debug|Any CPU = Debug|Any CPU
		Release|Any CPU = Release|Any CPU
	EndGlobalSection
	GlobalSection(ProjectConfigurationPlatforms) = postSolution
		{A81FDCB4-463E-490F-A743-C2CF9C005948}.Debug|Any CPU.ActiveCfg = Debug|Any CPU
		{A81FDCB4-463E-490F-A743-C2CF9C005948}.Debug|Any CPU.Build.0 = Debug|Any CPU
		{A81FDCB4-463E-490F-A743-C2CF9C005948}.Release|Any CPU.ActiveCfg = Release|Any CPU
		{A81FDCB4-463E-490F-A743-C2CF9C005948}.Release|Any CPU.Build.0 = Release|Any CPU
	EndGlobalSection
	GlobalSection(SolutionProperties) = preSolution
		HideSolutionNode = FALSE
	EndGlobalSection
	GlobalSection(ExtensibilityGlobals) = postSolution
		SolutionGuid = {AE3047DE-28FD-4F32-873D-563FBE1DD0C1}
	EndGlobalSection
EndGlobal
